Microsoft Visual Studio Solution File, Format Version 12.00
# Visual Studio Version 16
VisualStudioVersion = 16.0.0.0
MinimumVisualStudioVersion = 16.0.0.0
Project("{9A19103F-16F7-4668-BE54-9A1E7A4F7556}") = "SampleApp", "SampleApp\SampleApp.csproj", "{6F529547-B157-40DA-A96E-42964D0DD171}"
EndProject
Project("{FAE04EC0-301F-11D3-BF4B-00C04F79EFBC}") = "SampleApp.Android", "SampleApp.Android\SampleApp.Android.csproj", "{0676551D-07A0-40FF-A74B-4A396ADC1811}"
EndProject
Project("{FAE04EC0-301F-11D3-BF4B-00C04F79EFBC}") = "SampleApp.iOS", "SampleApp.iOS\SampleApp.iOS.csproj", "{22BD59BE-DD48-4663-A63C-3BAE67046558}"
EndProject
Global
	GlobalSection(SolutionConfigurationPlatforms) = preSolution
		Debug|Any CPU = Debug|Any CPU
		Debug|iPhone = Debug|iPhone
		Debug|iPhoneSimulator = Debug|iPhoneSimulator
		Debug|x64 = Debug|x64
		Debug|x86 = Debug|x86
		Release|Any CPU = Release|Any CPU
		Release|iPhone = Release|iPhone
		Release|iPhoneSimulator = Release|iPhoneSimulator
		Release|x64 = Release|x64
		Release|x86 = Release|x86
	EndGlobalSection
	GlobalSection(ProjectConfigurationPlatforms) = postSolution
		{0676551D-07A0-40FF-A74B-4A396ADC1811}.Debug|Any CPU.ActiveCfg = Debug|Any CPU
		{0676551D-07A0-40FF-A74B-4A396ADC1811}.Debug|Any CPU.Build.0 = Debug|Any CPU
		{0676551D-07A0-40FF-A74B-4A396ADC1811}.Debug|Any CPU.Deploy.0 = Debug|Any CPU
		{0676551D-07A0-40FF-A74B-4A396ADC1811}.Debug|iPhone.ActiveCfg = Debug|Any CPU
		{0676551D-07A0-40FF-A74B-4A396ADC1811}.Debug|iPhone.Build.0 = Debug|Any CPU
		{0676551D-07A0-40FF-A74B-4A396ADC1811}.Debug|iPhone.Deploy.0 = Debug|Any CPU
		{0676551D-07A0-40FF-A74B-4A396ADC1811}.Debug|iPhoneSimulator.ActiveCfg = Debug|Any CPU
		{0676551D-07A0-40FF-A74B-4A396ADC1811}.Debug|iPhoneSimulator.Build.0 = Debug|Any CPU
		{0676551D-07A0-40FF-A74B-4A396ADC1811}.Debug|iPhoneSimulator.Deploy.0 = Debug|Any CPU
		{0676551D-07A0-40FF-A74B-4A396ADC1811}.Debug|x64.ActiveCfg = Debug|Any CPU
		{0676551D-07A0-40FF-A74B-4A396ADC1811}.Debug|x64.Build.0 = Debug|Any CPU
		{0676551D-07A0-40FF-A74B-4A396ADC1811}.Debug|x64.Deploy.0 = Debug|Any CPU
		{0676551D-07A0-40FF-A74B-4A396ADC1811}.Debug|x86.ActiveCfg = Debug|Any CPU
		{0676551D-07A0-40FF-A74B-4A396ADC1811}.Debug|x86.Build.0 = Debug|Any CPU
		{0676551D-07A0-40FF-A74B-4A396ADC1811}.Debug|x86.Deploy.0 = Debug|Any CPU
		{0676551D-07A0-40FF-A74B-4A396ADC1811}.Release|Any CPU.ActiveCfg = Release|Any CPU
		{0676551D-07A0-40FF-A74B-4A396ADC1811}.Release|Any CPU.Build.0 = Release|Any CPU
		{0676551D-07A0-40FF-A74B-4A396ADC1811}.Release|Any CPU.Deploy.0 = Release|Any CPU
		{0676551D-07A0-40FF-A74B-4A396ADC1811}.Release|iPhone.ActiveCfg = Release|Any CPU
		{0676551D-07A0-40FF-A74B-4A396ADC1811}.Release|iPhone.Build.0 = Release|Any CPU
		{0676551D-07A0-40FF-A74B-4A396ADC1811}.Release|iPhone.Deploy.0 = Release|Any CPU
		{0676551D-07A0-40FF-A74B-4A396ADC1811}.Release|iPhoneSimulator.ActiveCfg = Release|Any CPU
		{0676551D-07A0-40FF-A74B-4A396ADC1811}.Release|iPhoneSimulator.Build.0 = Release|Any CPU
		{0676551D-07A0-40FF-A74B-4A396ADC1811}.Release|iPhoneSimulator.Deploy.0 = Release|Any CPU
		{0676551D-07A0-40FF-A74B-4A396ADC1811}.Release|x64.ActiveCfg = Release|Any CPU
		{0676551D-07A0-40FF-A74B-4A396ADC1811}.Release|x64.Build.0 = Release|Any CPU
		{0676551D-07A0-40FF-A74B-4A396ADC1811}.Release|x64.Deploy.0 = Release|Any CPU
		{0676551D-07A0-40FF-A74B-4A396ADC1811}.Release|x86.ActiveCfg = Release|Any CPU
		{0676551D-07A0-40FF-A74B-4A396ADC1811}.Release|x86.Build.0 = Release|Any CPU
		{0676551D-07A0-40FF-A74B-4A396ADC1811}.Release|x86.Deploy.0 = Release|Any CPU
		{6F529547-B157-40DA-A96E-42964D0DD171}.Debug|Any CPU.ActiveCfg = Debug|Any CPU
		{6F529547-B157-40DA-A96E-42964D0DD171}.Debug|Any CPU.Build.0 = Debug|Any CPU
		{6F529547-B157-40DA-A96E-42964D0DD171}.Debug|iPhone.ActiveCfg = Debug|Any CPU
		{6F529547-B157-40DA-A96E-42964D0DD171}.Debug|iPhone.Build.0 = Debug|Any CPU
		{6F529547-B157-40DA-A96E-42964D0DD171}.Debug|iPhoneSimulator.ActiveCfg = Debug|Any CPU
		{6F529547-B157-40DA-A96E-42964D0DD171}.Debug|iPhoneSimulator.Build.0 = Debug|Any CPU
		{6F529547-B157-40DA-A96E-42964D0DD171}.Debug|x64.ActiveCfg = Debug|Any CPU
		{6F529547-B157-40DA-A96E-42964D0DD171}.Debug|x64.Build.0 = Debug|Any CPU
		{6F529547-B157-40DA-A96E-42964D0DD171}.Debug|x86.ActiveCfg = Debug|Any CPU
		{6F529547-B157-40DA-A96E-42964D0DD171}.Debug|x86.Build.0 = Debug|Any CPU
		{6F529547-B157-40DA-A96E-42964D0DD171}.Release|Any CPU.ActiveCfg = Release|Any CPU
		{6F529547-B157-40DA-A96E-42964D0DD171}.Release|Any CPU.Build.0 = Release|Any CPU
		{6F529547-B157-40DA-A96E-42964D0DD171}.Release|iPhone.ActiveCfg = Release|Any CPU
		{6F529547-B157-40DA-A96E-42964D0DD171}.Release|iPhone.Build.0 = Release|Any CPU
		{6F529547-B157-40DA-A96E-42964D0DD171}.Release|iPhoneSimulator.ActiveCfg = Release|Any CPU
		{6F529547-B157-40DA-A96E-42964D0DD171}.Release|iPhoneSimulator.Build.0 = Release|Any CPU
		{6F529547-B157-40DA-A96E-42964D0DD171}.Release|x64.ActiveCfg = Release|Any CPU
		{6F529547-B157-40DA-A96E-42964D0DD171}.Release|x64.Build.0 = Release|Any CPU
		{6F529547-B157-40DA-A96E-42964D0DD171}.Release|x86.ActiveCfg = Release|Any CPU
		{6F529547-B157-40DA-A96E-42964D0DD171}.Release|x86.Build.0 = Release|Any CPU
		{22BD59BE-DD48-4663-A63C-3BAE67046558}.Debug|Any CPU.ActiveCfg = Debug|iPhone
		{22BD59BE-DD48-4663-A63C-3BAE67046558}.Debug|iPhone.ActiveCfg = Debug|iPhone
		{22BD59BE-DD48-4663-A63C-3BAE67046558}.Debug|iPhone.Build.0 = Debug|iPhone
		{22BD59BE-DD48-4663-A63C-3BAE67046558}.Debug|iPhoneSimulator.ActiveCfg = Debug|iPhoneSimulator
		{22BD59BE-DD48-4663-A63C-3BAE67046558}.Debug|iPhoneSimulator.Build.0 = Debug|iPhoneSimulator
		{22BD59BE-DD48-4663-A63C-3BAE67046558}.Debug|x64.ActiveCfg = Debug|iPhone
		{22BD59BE-DD48-4663-A63C-3BAE67046558}.Debug|x86.ActiveCfg = Debug|iPhone
		{22BD59BE-DD48-4663-A63C-3BAE67046558}.Release|Any CPU.ActiveCfg = Release|iPhone
		{22BD59BE-DD48-4663-A63C-3BAE67046558}.Release|iPhone.ActiveCfg = Release|iPhone
		{22BD59BE-DD48-4663-A63C-3BAE67046558}.Release|iPhone.Build.0 = Release|iPhone
		{22BD59BE-DD48-4663-A63C-3BAE67046558}.Release|iPhoneSimulator.ActiveCfg = Release|iPhoneSimulator
		{22BD59BE-DD48-4663-A63C-3BAE67046558}.Release|iPhoneSimulator.Build.0 = Release|iPhoneSimulator
		{22BD59BE-DD48-4663-A63C-3BAE67046558}.Release|x64.ActiveCfg = Release|iPhone
		{22BD59BE-DD48-4663-A63C-3BAE67046558}.Release|x86.ActiveCfg = Release|iPhone
	EndGlobalSection
	GlobalSection(SolutionProperties) = preSolution
		HideSolutionNode = FALSE
	EndGlobalSection
	GlobalSection(ExtensibilityGlobals) = postSolution
		SolutionGuid = {B627B912-81F4-47CC-AFE0-5336407EB93C}
	EndGlobalSection
EndGlobal